// !$*UTF8*$!
{
	archiveVersion = 1;
	classes = {
	};
	objectVersion = 50;
	objects = {

/* Begin PBXBuildFile section */
		2250B1792251D43D00ABBE6E /* AppDelegate.swift in Sources */ = {isa = PBXBuildFile; fileRef = 2250B1782251D43D00ABBE6E /* AppDelegate.swift */; };
		2250B17B2251D43D00ABBE6E /* ViewController.swift in Sources */ = {isa = PBXBuildFile; fileRef = 2250B17A2251D43D00ABBE6E /* ViewController.swift */; };
		2250B17E2251D43D00ABBE6E /* Main.storyboard in Resources */ = {isa = PBXBuildFile; fileRef = 2250B17C2251D43D00ABBE6E /* Main.storyboard */; };
		2250B1802251D43E00ABBE6E /* Assets.xcassets in Resources */ = {isa = PBXBuildFile; fileRef = 2250B17F2251D43E00ABBE6E /* Assets.xcassets */; };
		2250B1832251D43E00ABBE6E /* LaunchScreen.storyboard in Resources */ = {isa = PBXBuildFile; fileRef = 2250B1812251D43E00ABBE6E /* LaunchScreen.storyboard */; };
		2250B18E2251D43F00ABBE6E /* MapDemoTests.swift in Sources */ = {isa = PBXBuildFile; fileRef = 2250B18D2251D43F00ABBE6E /* MapDemoTests.swift */; };
		2250B1992251D43F00ABBE6E /* MapDemoUITests.swift in Sources */ = {isa = PBXBuildFile; fileRef = 2250B1982251D43F00ABBE6E /* MapDemoUITests.swift */; };
/* End PBXBuildFile section */

/* Begin PBXContainerItemProxy section */
		2250B18A2251D43F00ABBE6E /* PBXContainerItemProxy */ = {
			isa = PBXContainerItemProxy;
			containerPortal = 2250B16D2251D43D00ABBE6E /* Project object */;
			proxyType = 1;
			remoteGlobalIDString = 2250B1742251D43D00ABBE6E;
			remoteInfo = MapDemo;
		};
		2250B1952251D43F00ABBE6E /* PBXContainerItemProxy */ = {
			isa = PBXContainerItemProxy;
			containerPortal = 2250B16D2251D43D00ABBE6E /* Project object */;
			proxyType = 1;
			remoteGlobalIDString = 2250B1742251D43D00ABBE6E;
			remoteInfo = MapDemo;
		};
/* End PBXContainerItemProxy section */

/* Begin PBXFileReference section */
		2250B1752251D43D00ABBE6E /* MapDemo.app */ = {isa = PBXFileReference; explicitFileType = wrapper.application; includeInIndex = 0; path = MapDemo.app; sourceTree = BUILT_PRODUCTS_DIR; };
		2250B1782251D43D00ABBE6E /* AppDelegate.swift */ = {isa = PBXFileReference; lastKnownFileType = sourcecode.swift; path = AppDelegate.swift; sourceTree = "<group>"; };
		2250B17A2251D43D00ABBE6E /* ViewController.swift */ = {isa = PBXFileReference; lastKnownFileType = sourcecode.swift; path = ViewController.swift; sourceTree = "<group>"; };
		2250B17D2251D43D00ABBE6E /* Base */ = {isa = PBXFileReference; lastKnownFileType = file.storyboard; name = Base; path = Base.lproj/Main.storyboard; sourceTree = "<group>"; };
		2250B17F2251D43E00ABBE6E /* Assets.xcassets */ = {isa = PBXFileReference; lastKnownFileType = folder.assetcatalog; path = Assets.xcassets; sourceTree = "<group>"; };
		2250B1822251D43E00ABBE6E /* Base */ = {isa = PBXFileReference; lastKnownFileType = file.storyboard; name = Base; path = Base.lproj/LaunchScreen.storyboard; sourceTree = "<group>"; };
		2250B1842251D43E00ABBE6E /* Info.plist */ = {isa = PBXFileReference; lastKnownFileType = text.plist.xml; path = Info.plist; sourceTree = "<group>"; };
		2250B1892251D43F00ABBE6E /* MapDemoTests.xctest */ = {isa = PBXFileReference; explicitFileType = wrapper.cfbundle; includeInIndex = 0; path = MapDemoTests.xctest; sourceTree = BUILT_PRODUCTS_DIR; };
		2250B18D2251D43F00ABBE6E /* MapDemoTests.swift */ = {isa = PBXFileReference; lastKnownFileType = sourcecode.swift; path = MapDemoTests.swift; sourceTree = "<group>"; };
		2250B18F2251D43F00ABBE6E /* Info.plist */ = {isa = PBXFileReference; lastKnownFileType = text.plist.xml; path = Info.plist; sourceTree = "<group>"; };
		2250B1942251D43F00ABBE6E /* MapDemoUITests.xctest */ = {isa = PBXFileReference; explicitFileType = wrapper.cfbundle; includeInIndex = 0; path = MapDemoUITests.xctest; sourceTree = BUILT_PRODUCTS_DIR; };
		2250B1982251D43F00ABBE6E /* MapDemoUITests.swift */ = {isa = PBXFileReference; lastKnownFileType = sourcecode.swift; path = MapDemoUITests.swift; sourceTree = "<group>"; };
		2250B19A2251D43F00ABBE6E /* Info.plist */ = {isa = PBXFileReference; lastKnownFileType = text.plist.xml; path = Info.plist; sourceTree = "<group>"; };
/* End PBXFileReference section */

/* Begin PBXFrameworksBuildPhase section */
		2250B1722251D43D00ABBE6E /* Frameworks */ = {
			isa = PBXFrameworksBuildPhase;
			buildActionMask = 2147483647;
			files = (
			);
			runOnlyForDeploymentPostprocessing = 0;
		};
		2250B1862251D43F00ABBE6E /* Frameworks */ = {
			isa = PBXFrameworksBuildPhase;
			buildActionMask = 2147483647;
			files = (
			);
			runOnlyForDeploymentPostprocessing = 0;
		};
		2250B1912251D43F00ABBE6E /* Frameworks */ = {
			isa = PBXFrameworksBuildPhase;
			buildActionMask = 2147483647;
			files = (
			);
			runOnlyForDeploymentPostprocessing = 0;
		};
/* End PBXFrameworksBuildPhase section */

/* Begin PBXGroup section */
		2250B16C2251D43D00ABBE6E = {
			isa = PBXGroup;
			children = (
				2250B1772251D43D00ABBE6E /* MapDemo */,
				2250B18C2251D43F00ABBE6E /* MapDemoTests */,
				2250B1972251D43F00ABBE6E /* MapDemoUITests */,
				2250B1762251D43D00ABBE6E /* Products */,
			);
			sourceTree = "<group>";
		};
		2250B1762251D43D00ABBE6E /* Products */ = {
			isa = PBXGroup;
			children = (
				2250B1752251D43D00ABBE6E /* MapDemo.app */,
				2250B1892251D43F00ABBE6E /* MapDemoTests.xctest */,
				2250B1942251D43F00ABBE6E /* MapDemoUITests.xctest */,
			);
			name = Products;
			sourceTree = "<group>";
		};
		2250B1772251D43D00ABBE6E /* MapDemo */ = {
			isa = PBXGroup;
			children = (
				2250B1782251D43D00ABBE6E /* AppDelegate.swift */,
				2250B17A2251D43D00ABBE6E /* ViewController.swift */,
				2250B17C2251D43D00ABBE6E /* Main.storyboard */,
				2250B17F2251D43E00ABBE6E /* Assets.xcassets */,
				2250B1812251D43E00ABBE6E /* LaunchScreen.storyboard */,
				2250B1842251D43E00ABBE6E /* Info.plist */,
			);
			path = MapDemo;
			sourceTree = "<group>";
		};
		2250B18C2251D43F00ABBE6E /* MapDemoTests */ = {
			isa = PBXGroup;
			children = (
				2250B18D2251D43F00ABBE6E /* MapDemoTests.swift */,
				2250B18F2251D43F00ABBE6E /* Info.plist */,
			);
			path = MapDemoTests;
			sourceTree = "<group>";
		};
		2250B1972251D43F00ABBE6E /* MapDemoUITests */ = {
			isa = PBXGroup;
			children = (
				2250B1982251D43F00ABBE6E /* MapDemoUITests.swift */,
				2250B19A2251D43F00ABBE6E /* Info.plist */,
			);
			path = MapDemoUITests;
			sourceTree = "<group>";
		};
/* End PBXGroup section */

/* Begin PBXNativeTarget section */
		2250B1742251D43D00ABBE6E /* MapDemo */ = {
			isa = PBXNativeTarget;
			buildConfigurationList = 2250B19D2251D43F00ABBE6E /* Build configuration list for PBXNativeTarget "MapDemo" */;
			buildPhases = (
				2250B1712251D43D00ABBE6E /* Sources */,
				2250B1722251D43D00ABBE6E /* Frameworks */,
				2250B1732251D43D00ABBE6E /* Resources */,
			);
			buildRules = (
			);
			dependencies = (
			);
			name = MapDemo;
			productName = MapDemo;
			productReference = 2250B1752251D43D00ABBE6E /* MapDemo.app */;
			productType = "com.apple.product-type.application";
		};
		2250B1882251D43F00ABBE6E /* MapDemoTests */ = {
			isa = PBXNativeTarget;
			buildConfigurationList = 2250B1A02251D43F00ABBE6E /* Build configuration list for PBXNativeTarget "MapDemoTests" */;
			buildPhases = (
				2250B1852251D43F00ABBE6E /* Sources */,
				2250B1862251D43F00ABBE6E /* Frameworks */,
				2250B1872251D43F00ABBE6E /* Resources */,
			);
			buildRules = (
			);
			dependencies = (
				2250B18B2251D43F00ABBE6E /* PBXTargetDependency */,
			);
			name = MapDemoTests;
			productName = MapDemoTests;
			productReference = 2250B1892251D43F00ABBE6E /* MapDemoTests.xctest */;
			productType = "com.apple.product-type.bundle.unit-test";
		};
		2250B1932251D43F00ABBE6E /* MapDemoUITests */ = {
			isa = PBXNativeTarget;
			buildConfigurationList = 2250B1A32251D43F00ABBE6E /* Build configuration list for PBXNativeTarget "MapDemoUITests" */;
			buildPhases = (
				2250B1902251D43F00ABBE6E /* Sources */,
				2250B1912251D43F00ABBE6E /* Frameworks */,
				2250B1922251D43F00ABBE6E /* Resources */,
			);
			buildRules = (
			);
			dependencies = (
				2250B1962251D43F00ABBE6E /* PBXTargetDependency */,
			);
			name = MapDemoUITests;
			productName = MapDemoUITests;
			productReference = 2250B1942251D43F00ABBE6E /* MapDemoUITests.xctest */;
			productType = "com.apple.product-type.bundle.ui-testing";
		};
/* End PBXNativeTarget section */

/* Begin PBXProject section */
		2250B16D2251D43D00ABBE6E /* Project object */ = {
			isa = PBXProject;
			attributes = {
				LastSwiftUpdateCheck = 1020;
				LastUpgradeCheck = 1020;
				ORGANIZATIONNAME = "Panpan Han ";
				TargetAttributes = {
					2250B1742251D43D00ABBE6E = {
						CreatedOnToolsVersion = 10.2;
					};
					2250B1882251D43F00ABBE6E = {
						CreatedOnToolsVersion = 10.2;
						TestTargetID = 2250B1742251D43D00ABBE6E;
					};
					2250B1932251D43F00ABBE6E = {
						CreatedOnToolsVersion = 10.2;
						TestTargetID = 2250B1742251D43D00ABBE6E;
					};
				};
			};
			buildConfigurationList = 2250B1702251D43D00ABBE6E /* Build configuration list for PBXProject "MapDemo" */;
			compatibilityVersion = "Xcode 9.3";
			developmentRegion = en;
			hasScannedForEncodings = 0;
			knownRegions = (
				en,
				Base,
			);
			mainGroup = 2250B16C2251D43D00ABBE6E;
			productRefGroup = 2250B1762251D43D00ABBE6E /* Products */;
			projectDirPath = "";
			projectRoot = "";
			targets = (
				2250B1742251D43D00ABBE6E /* MapDemo */,
				2250B1882251D43F00ABBE6E /* MapDemoTests */,
				2250B1932251D43F00ABBE6E /* MapDemoUITests */,
			);
		};
/* End PBXProject section */

/* Begin PBXResourcesBuildPhase section */
		2250B1732251D43D00ABBE6E /* Resources */ = {
			isa = PBXResourcesBuildPhase;
			buildActionMask = 2147483647;
			files = (
				2250B1832251D43E00ABBE6E /* LaunchScreen.storyboard in Resources */,
				2250B1802251D43E00ABBE6E /* Assets.xcassets in Resources */,
				2250B17E2251D43D00ABBE6E /* Main.storyboard in Resources */,
			);
			runOnlyForDeploymentPostprocessing = 0;
		};
		2250B1872251D43F00ABBE6E /* Resources */ = {
			isa = PBXResourcesBuildPhase;
			buildActionMask = 2147483647;
			files = (
			);
			runOnlyForDeploymentPostprocessing = 0;
		};
		2250B1922251D43F00ABBE6E /* Resources */ = {
			isa = PBXResourcesBuildPhase;
			buildActionMask = 2147483647;
			files = (
			);
			runOnlyForDeploymentPostprocessing = 0;
		};
/* End PBXResourcesBuildPhase section */

/* Begin PBXSourcesBuildPhase section */
		2250B1712251D43D00ABBE6E /* Sources */ = {
			isa = PBXSourcesBuildPhase;
			buildActionMask = 2147483647;
			files = (
				2250B17B2251D43D00ABBE6E /* ViewController.swift in Sources */,
				2250B1792251D43D00ABBE6E /* AppDelegate.swift in Sources */,
			);
			runOnlyForDeploymentPostprocessing = 0;
		};
		2250B1852251D43F00ABBE6E /* Sources */ = {
			isa = PBXSourcesBuildPhase;
			buildActionMask = 2147483647;
			files = (
				2250B18E2251D43F00ABBE6E /* MapDemoTests.swift in Sources */,
			);
			runOnlyForDeploymentPostprocessing = 0;
		};
		2250B1902251D43F00ABBE6E /* Sources */ = {
			isa = PBXSourcesBuildPhase;
			buildActionMask = 2147483647;
			files = (
				2250B1992251D43F00ABBE6E /* MapDemoUITests.swift in Sources */,
			);
			runOnlyForDeploymentPostprocessing = 0;
		};
/* End PBXSourcesBuildPhase section */

/* Begin PBXTargetDependency section */
		2250B18B2251D43F00ABBE6E /* PBXTargetDependency */ = {
			isa = PBXTargetDependency;
			target = 2250B1742251D43D00ABBE6E /* MapDemo */;
			targetProxy = 2250B18A2251D43F00ABBE6E /* PBXContainerItemProxy */;
		};
		2250B1962251D43F00ABBE6E /* PBXTargetDependency */ = {
			isa = PBXTargetDependency;
			target = 2250B1742251D43D00ABBE6E /* MapDemo */;
			targetProxy = 2250B1952251D43F00ABBE6E /* PBXContainerItemProxy */;
		};
/* End PBXTargetDependency section */

/* Begin PBXVariantGroup section */
		2250B17C2251D43D00ABBE6E /* Main.storyboard */ = {
			isa = PBXVariantGroup;
			children = (
				2250B17D2251D43D00ABBE6E /* Base */,
			);
			name = Main.storyboard;
			sourceTree = "<group>";
		};
		2250B1812251D43E00ABBE6E /* LaunchScreen.storyboard */ = {
			isa = PBXVariantGroup;
			children = (
				2250B1822251D43E00ABBE6E /* Base */,
			);
			name = LaunchScreen.storyboard;
			sourceTree = "<group>";
		};
/* End PBXVariantGroup section */

/* Begin XCBuildConfiguration section */
		2250B19B2251D43F00ABBE6E /* Debug */ = {
			isa = XCBuildConfiguration;
			buildSettings = {
				ALWAYS_SEARCH_USER_PATHS = NO;
				CLANG_ANALYZER_NONNULL = YES;
				CLANG_ANALYZER_NUMBER_OBJECT_CONVERSION = YES_AGGRESSIVE;
				CLANG_CXX_LANGUAGE_STANDARD = "gnu++14";
				CLANG_CXX_LIBRARY = "libc++";
				CLANG_ENABLE_MODULES = YES;
				CLANG_ENABLE_OBJC_ARC = YES;
				CLANG_ENABLE_OBJC_WEAK = YES;
				CLANG_WARN_BLOCK_CAPTURE_AUTORELEASING = YES;
				CLANG_WARN_BOOL_CONVERSION = YES;
				CLANG_WARN_COMMA = YES;
				CLANG_WARN_CONSTANT_CONVERSION = YES;
				CLANG_WARN_DEPRECATED_OBJC_IMPLEMENTATIONS = YES;
				CLANG_WARN_DIRECT_OBJC_ISA_USAGE = YES_ERROR;
				CLANG_WARN_DOCUMENTATION_COMMENTS = YES;
				CLANG_WARN_EMPTY_BODY = YES;
				CLANG_WARN_ENUM_CONVERSION = YES;
				CLANG_WARN_INFINITE_RECURSION = YES;
				CLANG_WARN_INT_CONVERSION = YES;
				CLANG_WARN_NON_LITERAL_NULL_CONVERSION = YES;
				CLANG_WARN_OBJC_IMPLICIT_RETAIN_SELF = YES;
				CLANG_WARN_OBJC_LITERAL_CONVERSION = YES;
				CLANG_WARN_OBJC_ROOT_CLASS = YES_ERROR;
				CLANG_WARN_RANGE_LOOP_ANALYSIS = YES;
				CLANG_WARN_STRICT_PROTOTYPES = YES;
				CLANG_WARN_SUSPICIOUS_MOVE = YES;
				CLANG_WARN_UNGUARDED_AVAILABILITY = YES_AGGRESSIVE;
				CLANG_WARN_UNREACHABLE_CODE = YES;
				CLANG_WARN__DUPLICATE_METHOD_MATCH = YES;
				CODE_SIGN_IDENTITY = "iPhone Developer";
				COPY_PHASE_STRIP = NO;
				DEBUG_INFORMATION_FORMAT = dwarf;
				ENABLE_STRICT_OBJC_MSGSEND = YES;
				ENABLE_TESTABILITY = YES;
				GCC_C_LANGUAGE_STANDARD = gnu11;
				GCC_DYNAMIC_NO_PIC = NO;
				GCC_NO_COMMON_BLOCKS = YES;
				GCC_OPTIMIZATION_LEVEL = 0;
				GCC_PREPROCESSOR_DEFINITIONS = (
					"DEBUG=1",
					"$(inherited)",
				);
				GCC_WARN_64_TO_32_BIT_CONVERSION = YES;
				GCC_WARN_ABOUT_RETURN_TYPE = YES_ERROR;
				GCC_WARN_UNDECLARED_SELECTOR = YES;
				GCC_WARN_UNINITIALIZED_AUTOS = YES_AGGRESSIVE;
				GCC_WARN_UNUSED_FUNCTION = YES;
				GCC_WARN_UNUSED_VARIABLE = YES;
				IPHONEOS_DEPLOYMENT_TARGET = 12.2;
				MTL_ENABLE_DEBUG_INFO = INCLUDE_SOURCE;
				MTL_FAST_MATH = YES;
				ONLY_ACTIVE_ARCH = YES;
				SDKROOT = iphoneos;
				SWIFT_ACTIVE_COMPILATION_CONDITIONS = DEBUG;
				SWIFT_OPTIMIZATION_LEVEL = "-Onone";
			};
			name = Debug;
		};
		2250B19C2251D43F00ABBE6E /* Release */ = {
			isa = XCBuildConfiguration;
			buildSettings = {
				ALWAYS_SEARCH_USER_PATHS = NO;
				CLANG_ANALYZER_NONNULL = YES;
				CLANG_ANALYZER_NUMBER_OBJECT_CONVERSION = YES_AGGRESSIVE;
				CLANG_CXX_LANGUAGE_STANDARD = "gnu++14";
				CLANG_CXX_LIBRARY = "libc++";
				CLANG_ENABLE_MODULES = YES;
				CLANG_ENABLE_OBJC_ARC = YES;
				CLANG_ENABLE_OBJC_WEAK = YES;
				CLANG_WARN_BLOCK_CAPTURE_AUTORELEASING = YES;
				CLANG_WARN_BOOL_CONVERSION = YES;
				CLANG_WARN_COMMA = YES;
				CLANG_WARN_CONSTANT_CONVERSION = YES;
				CLANG_WARN_DEPRECATED_OBJC_IMPLEMENTATIONS = YES;
				CLANG_WARN_DIRECT_OBJC_ISA_USAGE = YES_ERROR;
				CLANG_WARN_DOCUMENTATION_COMMENTS = YES;
				CLANG_WARN_EMPTY_BODY = YES;
				CLANG_WARN_ENUM_CONVERSION = YES;
				CLANG_WARN_INFINITE_RECURSION = YES;
				CLANG_WARN_INT_CONVERSION = YES;
				CLANG_WARN_NON_LITERAL_NULL_CONVERSION = YES;
				CLANG_WARN_OBJC_IMPLICIT_RETAIN_SELF = YES;
				CLANG_WARN_OBJC_LITERAL_CONVERSION = YES;
				CLANG_WARN_OBJC_ROOT_CLASS = YES_ERROR;
				CLANG_WARN_RANGE_LOOP_ANALYSIS = YES;
				CLANG_WARN_STRICT_PROTOTYPES = YES;
				CLANG_WARN_SUSPICIOUS_MOVE = YES;
				CLANG_WARN_UNGUARDED_AVAILABILITY = YES_AGGRESSIVE;
				CLANG_WARN_UNREACHABLE_CODE = YES;
				CLANG_WARN__DUPLICATE_METHOD_MATCH = YES;
				CODE_SIGN_IDENTITY = "iPhone Developer";
				COPY_PHASE_STRIP = NO;
				DEBUG_INFORMATION_FORMAT = "dwarf-with-dsym";
				ENABLE_NS_ASSERTIONS = NO;
				ENABLE_STRICT_OBJC_MSGSEND = YES;
				GCC_C_LANGUAGE_STANDARD = gnu11;
				GCC_NO_COMMON_BLOCKS = YES;
				GCC_WARN_64_TO_32_BIT_CONVERSION = YES;
				GCC_WARN_ABOUT_RETURN_TYPE = YES_ERROR;
				GCC_WARN_UNDECLARED_SELECTOR = YES;
				GCC_WARN_UNINITIALIZED_AUTOS = YES_AGGRESSIVE;
				GCC_WARN_UNUSED_FUNCTION = YES;
				GCC_WARN_UNUSED_VARIABLE = YES;
				IPHONEOS_DEPLOYMENT_TARGET = 12.2;
				MTL_ENABLE_DEBUG_INFO = NO;
				MTL_FAST_MATH = YES;
				SDKROOT = iphoneos;
				SWIFT_COMPILATION_MODE = wholemodule;
				SWIFT_OPTIMIZATION_LEVEL = "-O";
				VALIDATE_PRODUCT = YES;
			};
			name = Release;
		};
		2250B19E2251D43F00ABBE6E /* Debug */ = {
			isa = XCBuildConfiguration;
			buildSettings = {
				ASSETCATALOG_COMPILER_APPICON_NAME = AppIcon;
				CODE_SIGN_STYLE = Automatic;
				DEVELOPMENT_TEAM = 48QGCFHPXS;
				INFOPLIST_FILE = MapDemo/Info.plist;
				LD_RUNPATH_SEARCH_PATHS = (
					"$(inherited)",
					"@executable_path/Frameworks",
				);
				PRODUCT_BUNDLE_IDENTIFIER = pphan.MapDemo;
				PRODUCT_NAME = "$(TARGET_NAME)";
				SWIFT_VERSION = 5.0;
				TARGETED_DEVICE_FAMILY = "1,2";
			};
			name = Debug;
		};
		2250B19F2251D43F00ABBE6E /* Release */ = {
			isa = XCBuildConfiguration;
			buildSettings = {
				ASSETCATALOG_COMPILER_APPICON_NAME = AppIcon;
				CODE_SIGN_STYLE = Automatic;
				DEVELOPMENT_TEAM = 48QGCFHPXS;
				INFOPLIST_FILE = MapDemo/Info.plist;
				LD_RUNPATH_SEARCH_PATHS = (
					"$(inherited)",
					"@executable_path/Frameworks",
				);
				PRODUCT_BUNDLE_IDENTIFIER = pphan.MapDemo;
				PRODUCT_NAME = "$(TARGET_NAME)";
				SWIFT_VERSION = 5.0;
				TARGETED_DEVICE_FAMILY = "1,2";
			};
			name = Release;
		};
		2250B1A12251D43F00ABBE6E /* Debug */ = {
			isa = XCBuildConfiguration;
			buildSettings = {
				ALWAYS_EMBED_SWIFT_STANDARD_LIBRARIES = YES;
				BUNDLE_LOADER = "$(TEST_HOST)";
				CODE_SIGN_STYLE = Automatic;
				DEVELOPMENT_TEAM = 48QGCFHPXS;
				INFOPLIST_FILE = MapDemoTests/Info.plist;
				LD_RUNPATH_SEARCH_PATHS = (
					"$(inherited)",
					"@executable_path/Frameworks",
					"@loader_path/Frameworks",
				);
				PRODUCT_BUNDLE_IDENTIFIER = pphan.MapDemoTests;
				PRODUCT_NAME = "$(TARGET_NAME)";
				SWIFT_VERSION = 5.0;
				TARGETED_DEVICE_FAMILY = "1,2";
				TEST_HOST = "$(BUILT_PRODUCTS_DIR)/MapDemo.app/MapDemo";
			};
			name = Debug;
		};
		2250B1A22251D43F00ABBE6E /* Release */ = {
			isa = XCBuildConfiguration;
			buildSettings = {
				ALWAYS_EMBED_SWIFT_STANDARD_LIBRARIES = YES;
				BUNDLE_LOADER = "$(TEST_HOST)";
				CODE_SIGN_STYLE = Automatic;
				DEVELOPMENT_TEAM = 48QGCFHPXS;
				INFOPLIST_FILE = MapDemoTests/Info.plist;
				LD_RUNPATH_SEARCH_PATHS = (
					"$(inherited)",
					"@executable_path/Frameworks",
					"@loader_path/Frameworks",
				);
				PRODUCT_BUNDLE_IDENTIFIER = pphan.MapDemoTests;
				PRODUCT_NAME = "$(TARGET_NAME)";
				SWIFT_VERSION = 5.0;
				TARGETED_DEVICE_FAMILY = "1,2";
				TEST_HOST = "$(BUILT_PRODUCTS_DIR)/MapDemo.app/MapDemo";
			};
			name = Release;
		};
		2250B1A42251D43F00ABBE6E /* Debug */ = {
			isa = XCBuildConfiguration;
			buildSettings = {
				ALWAYS_EMBED_SWIFT_STANDARD_LIBRARIES = YES;
				CODE_SIGN_STYLE = Automatic;
				DEVELOPMENT_TEAM = 48QGCFHPXS;
				INFOPLIST_FILE = MapDemoUITests/Info.plist;
				LD_RUNPATH_SEARCH_PATHS = (
					"$(inherited)",
					"@executable_path/Frameworks",
					"@loader_path/Frameworks",
				);
				PRODUCT_BUNDLE_IDENTIFIER = pphan.MapDemoUITests;
				PRODUCT_NAME = "$(TARGET_NAME)";
				SWIFT_VERSION = 5.0;
				TARGETED_DEVICE_FAMILY = "1,2";
				TEST_TARGET_NAME = MapDemo;
			};
			name = Debug;
		};
		2250B1A52251D43F00ABBE6E /* Release */ = {
			isa = XCBuildConfiguration;
			buildSettings = {
				ALWAYS_EMBED_SWIFT_STANDARD_LIBRARIES = YES;
				CODE_SIGN_STYLE = Automatic;
				DEVELOPMENT_TEAM = 48QGCFHPXS;
				INFOPLIST_FILE = MapDemoUITests/Info.plist;
				LD_RUNPATH_SEARCH_PATHS = (
					"$(inherited)",
					"@executable_path/Frameworks",
					"@loader_path/Frameworks",
				);
				PRODUCT_BUNDLE_IDENTIFIER = pphan.MapDemoUITests;
				PRODUCT_NAME = "$(TARGET_NAME)";
				SWIFT_VERSION = 5.0;
				TARGETED_DEVICE_FAMILY = "1,2";
				TEST_TARGET_NAME = MapDemo;
			};
			name = Release;
		};
/* End XCBuildConfiguration section */

/* Begin XCConfigurationList section */
		2250B1702251D43D00ABBE6E /* Build configuration list for PBXProject "MapDemo" */ = {
			isa = XCConfigurationList;
			buildConfigurations = (
				2250B19B2251D43F00ABBE6E /* Debug */,
				2250B19C2251D43F00ABBE6E /* Release */,
			);
			defaultConfigurationIsVisible = 0;
			defaultConfigurationName = Release;
		};
		2250B19D2251D43F00ABBE6E /* Build configuration list for PBXNativeTarget "MapDemo" */ = {
			isa = XCConfigurationList;
			buildConfigurations = (
				2250B19E2251D43F00ABBE6E /* Debug */,
				2250B19F2251D43F00ABBE6E /* Release */,
			);
			defaultConfigurationIsVisible = 0;
			defaultConfigurationName = Release;
		};
		2250B1A02251D43F00ABBE6E /* Build configuration list for PBXNativeTarget "MapDemoTests" */ = {
			isa = XCConfigurationList;
			buildConfigurations = (
				2250B1A12251D43F00ABBE6E /* Debug */,
				2250B1A22251D43F00ABBE6E /* Release */,
			);
			defaultConfigurationIsVisible = 0;
			defaultConfigurationName = Release;
		};
		2250B1A32251D43F00ABBE6E /* Build configuration list for PBXNativeTarget "MapDemoUITests" */ = {
			isa = XCConfigurationList;
			buildConfigurations = (
				2250B1A42251D43F00ABBE6E /* Debug */,
				2250B1A52251D43F00ABBE6E /* Release */,
			);
			defaultConfigurationIsVisible = 0;
			defaultConfigurationName = Release;
		};
/* End XCConfigurationList section */
	};
	rootObject = 2250B16D2251D43D00ABBE6E /* Project object */;
}
